
Microsoft Visual Studio Solution File, Format Version 12.00
# Visual Studio Version 17
VisualStudioVersion = 17.4.33103.184
MinimumVisualStudioVersion = 10.0.40219.1
Project("{FAE04EC0-301F-11D3-BF4B-00C04F79EFBC}") = "MVCapp", "MVCapp\MVCapp.csproj", "{DC26CB14-915E-481B-A728-346D1D559516}"
EndProject
Global
	GlobalSection(SolutionConfigurationPlatforms) = preSolution
		Debug|Any CPU = Debug|Any CPU
		Release|Any CPU = Release|Any CPU
	EndGlobalSection
	GlobalSection(ProjectConfigurationPlatforms) = postSolution
		{DC26CB14-915E-481B-A728-346D1D559516}.Debug|Any CPU.ActiveCfg = Debug|Any CPU
		{DC26CB14-915E-481B-A728-346D1D559516}.Debug|Any CPU.Build.0 = Debug|Any CPU
		{DC26CB14-915E-481B-A728-346D1D559516}.Release|Any CPU.ActiveCfg = Release|Any CPU
		{DC26CB14-915E-481B-A728-346D1D559516}.Release|Any CPU.Build.0 = Release|Any CPU
	EndGlobalSection
	GlobalSection(SolutionProperties) = preSolution
		HideSolutionNode = FALSE
	EndGlobalSection
	GlobalSection(ExtensibilityGlobals) = postSolution
		SolutionGuid = {C3412A90-14C0-47A0-895D-C6B70C05D583}
	EndGlobalSection
EndGlobal
